
Microsoft Visual Studio Solution File, Format Version 12.00
# Visual Studio 15
VisualStudioVersion = 15.0.28307.168
MinimumVisualStudioVersion = 10.0.40219.1
Project("{FAE04EC0-301F-11D3-BF4B-00C04F79EFBC}") = "SchoolSys", "SchoolSys\SchoolSys.csproj", "{00209AFA-D43C-4BB3-913C-C1DCCCC2DA5F}"
EndProject
Global
	GlobalSection(SolutionConfigurationPlatforms) = preSolution
		Debug|Any CPU = Debug|Any CPU
		Release|Any CPU = Release|Any CPU
	EndGlobalSection
	GlobalSection(ProjectConfigurationPlatforms) = postSolution
		{00209AFA-D43C-4BB3-913C-C1DCCCC2DA5F}.Debug|Any CPU.ActiveCfg = Debug|Any CPU
		{00209AFA-D43C-4BB3-913C-C1DCCCC2DA5F}.Debug|Any CPU.Build.0 = Debug|Any CPU
		{00209AFA-D43C-4BB3-913C-C1DCCCC2DA5F}.Release|Any CPU.ActiveCfg = Release|Any CPU
		{00209AFA-D43C-4BB3-913C-C1DCCCC2DA5F}.Release|Any CPU.Build.0 = Release|Any CPU
	EndGlobalSection
	GlobalSection(SolutionProperties) = preSolution
		HideSolutionNode = FALSE
	EndGlobalSection
	GlobalSection(ExtensibilityGlobals) = postSolution
		SolutionGuid = {20F9C23C-51CF-47C3-9187-E163EE4F96C8}
	EndGlobalSection
EndGlobal
